// !$*UTF8*$!
{
	archiveVersion = 1;
	classes = {
	};
	objectVersion = 46;
	objects = {

/* Begin PBXBuildFile section */
		B1858ADA158C8EB00047B61F /* ZMSprite.m in Sources */ = {isa = PBXBuildFile; fileRef = B1858AD9158C8EB00047B61F /* ZMSprite.m */; };
		B1858ADE158CA2D70047B61F /* ZMan1.png in Resources */ = {isa = PBXBuildFile; fileRef = B1858ADC158CA2D70047B61F /* ZMan1.png */; };
		B1858ADF158CA2D70047B61F /* ZMan2.png in Resources */ = {isa = PBXBuildFile; fileRef = B1858ADD158CA2D70047B61F /* ZMan2.png */; };
		B1858AE3158CB7A00047B61F /* ZMSpriteAnimation.m in Sources */ = {isa = PBXBuildFile; fileRef = B1858AE2158CB7A00047B61F /* ZMSpriteAnimation.m */; };
		B1858AEE158D130E0047B61F /* ZMLevel.m in Sources */ = {isa = PBXBuildFile; fileRef = B1858AED158D130D0047B61F /* ZMLevel.m */; };
		B1858AF0158D1AF10047B61F /* wall.png in Resources */ = {isa = PBXBuildFile; fileRef = B1858AEF158D1AF10047B61F /* wall.png */; };
		B187FD0C158C781B00ACF6A9 /* UIKit.framework in Frameworks */ = {isa = PBXBuildFile; fileRef = B187FD0B158C781B00ACF6A9 /* UIKit.framework */; };
		B187FD0E158C781B00ACF6A9 /* Foundation.framework in Frameworks */ = {isa = PBXBuildFile; fileRef = B187FD0D158C781B00ACF6A9 /* Foundation.framework */; };
		B187FD10158C781B00ACF6A9 /* CoreGraphics.framework in Frameworks */ = {isa = PBXBuildFile; fileRef = B187FD0F158C781B00ACF6A9 /* CoreGraphics.framework */; };
		B187FD12158C781B00ACF6A9 /* GLKit.framework in Frameworks */ = {isa = PBXBuildFile; fileRef = B187FD11158C781B00ACF6A9 /* GLKit.framework */; };
		B187FD14158C781B00ACF6A9 /* OpenGLES.framework in Frameworks */ = {isa = PBXBuildFile; fileRef = B187FD13158C781B00ACF6A9 /* OpenGLES.framework */; };
		B187FD1A158C781B00ACF6A9 /* InfoPlist.strings in Resources */ = {isa = PBXBuildFile; fileRef = B187FD18158C781B00ACF6A9 /* InfoPlist.strings */; };
		B187FD1C158C781B00ACF6A9 /* main.m in Sources */ = {isa = PBXBuildFile; fileRef = B187FD1B158C781B00ACF6A9 /* main.m */; };
		B187FD20158C781B00ACF6A9 /* ZMAppDelegate.m in Sources */ = {isa = PBXBuildFile; fileRef = B187FD1F158C781B00ACF6A9 /* ZMAppDelegate.m */; };
		B187FD23158C781B00ACF6A9 /* MainStoryboard_iPhone.storyboard in Resources */ = {isa = PBXBuildFile; fileRef = B187FD21158C781B00ACF6A9 /* MainStoryboard_iPhone.storyboard */; };
		B187FD26158C781B00ACF6A9 /* MainStoryboard_iPad.storyboard in Resources */ = {isa = PBXBuildFile; fileRef = B187FD24158C781B00ACF6A9 /* MainStoryboard_iPad.storyboard */; };
		B187FD28158C781B00ACF6A9 /* Shader.fsh in Resources */ = {isa = PBXBuildFile; fileRef = B187FD27158C781B00ACF6A9 /* Shader.fsh */; };
		B187FD2A158C781B00ACF6A9 /* Shader.vsh in Resources */ = {isa = PBXBuildFile; fileRef = B187FD29158C781B00ACF6A9 /* Shader.vsh */; };
		B187FD2D158C781B00ACF6A9 /* ZMViewController.m in Sources */ = {isa = PBXBuildFile; fileRef = B187FD2C158C781B00ACF6A9 /* ZMViewController.m */; };
		B187FD35158C78F400ACF6A9 /* ZMScene.m in Sources */ = {isa = PBXBuildFile; fileRef = B187FD34158C78F400ACF6A9 /* ZMScene.m */; };
/* End PBXBuildFile section */

/* Begin PBXFileReference section */
		B1858AD8158C8EB00047B61F /* ZMSprite.h */ = {isa = PBXFileReference; fileEncoding = 4; lastKnownFileType = sourcecode.c.h; path = ZMSprite.h; sourceTree = "<group>"; };
		B1858AD9158C8EB00047B61F /* ZMSprite.m */ = {isa = PBXFileReference; fileEncoding = 4; lastKnownFileType = sourcecode.c.objc; path = ZMSprite.m; sourceTree = "<group>"; };
		B1858ADC158CA2D70047B61F /* ZMan1.png */ = {isa = PBXFileReference; lastKnownFileType = image.png; name = ZMan1.png; path = ZeptoMan/Textures/ZMan1.png; sourceTree = "<group>"; };
		B1858ADD158CA2D70047B61F /* ZMan2.png */ = {isa = PBXFileReference; lastKnownFileType = image.png; name = ZMan2.png; path = ZeptoMan/Textures/ZMan2.png; sourceTree = "<group>"; };
		B1858AE1158CB7A00047B61F /* ZMSpriteAnimation.h */ = {isa = PBXFileReference; fileEncoding = 4; lastKnownFileType = sourcecode.c.h; path = ZMSpriteAnimation.h; sourceTree = "<group>"; };
		B1858AE2158CB7A00047B61F /* ZMSpriteAnimation.m */ = {isa = PBXFileReference; fileEncoding = 4; lastKnownFileType = sourcecode.c.objc; path = ZMSpriteAnimation.m; sourceTree = "<group>"; };
		B1858AEC158D130D0047B61F /* ZMLevel.h */ = {isa = PBXFileReference; fileEncoding = 4; lastKnownFileType = sourcecode.c.h; path = ZMLevel.h; sourceTree = "<group>"; };
		B1858AED158D130D0047B61F /* ZMLevel.m */ = {isa = PBXFileReference; fileEncoding = 4; lastKnownFileType = sourcecode.c.objc; path = ZMLevel.m; sourceTree = "<group>"; };
		B1858AEF158D1AF10047B61F /* wall.png */ = {isa = PBXFileReference; lastKnownFileType = image.png; name = wall.png; path = ZeptoMan/Textures/wall.png; sourceTree = "<group>"; };
		B187FD07158C781B00ACF6A9 /* ZeptoMan.app */ = {isa = PBXFileReference; explicitFileType = wrapper.application; includeInIndex = 0; path = ZeptoMan.app; sourceTree = BUILT_PRODUCTS_DIR; };
		B187FD0B158C781B00ACF6A9 /* UIKit.framework */ = {isa = PBXFileReference; lastKnownFileType = wrapper.framework; name = UIKit.framework; path = System/Library/Frameworks/UIKit.framework; sourceTree = SDKROOT; };
		B187FD0D158C781B00ACF6A9 /* Foundation.framework */ = {isa = PBXFileReference; lastKnownFileType = wrapper.framework; name = Foundation.framework; path = System/Library/Frameworks/Foundation.framework; sourceTree = SDKROOT; };
		B187FD0F158C781B00ACF6A9 /* CoreGraphics.framework */ = {isa = PBXFileReference; lastKnownFileType = wrapper.framework; name = CoreGraphics.framework; path = System/Library/Frameworks/CoreGraphics.framework; sourceTree = SDKROOT; };
		B187FD11158C781B00ACF6A9 /* GLKit.framework */ = {isa = PBXFileReference; lastKnownFileType = wrapper.framework; name = GLKit.framework; path = System/Library/Frameworks/GLKit.framework; sourceTree = SDKROOT; };
		B187FD13158C781B00ACF6A9 /* OpenGLES.framework */ = {isa = PBXFileReference; lastKnownFileType = wrapper.framework; name = OpenGLES.framework; path = System/Library/Frameworks/OpenGLES.framework; sourceTree = SDKROOT; };
		B187FD17158C781B00ACF6A9 /* ZeptoMan-Info.plist */ = {isa = PBXFileReference; lastKnownFileType = text.plist.xml; path = "ZeptoMan-Info.plist"; sourceTree = "<group>"; };
		B187FD19158C781B00ACF6A9 /* en */ = {isa = PBXFileReference; lastKnownFileType = text.plist.strings; name = en; path = en.lproj/InfoPlist.strings; sourceTree = "<group>"; };
		B187FD1B158C781B00ACF6A9 /* main.m */ = {isa = PBXFileReference; lastKnownFileType = sourcecode.c.objc; path = main.m; sourceTree = "<group>"; };
		B187FD1D158C781B00ACF6A9 /* ZeptoMan-Prefix.pch */ = {isa = PBXFileReference; lastKnownFileType = sourcecode.c.h; path = "ZeptoMan-Prefix.pch"; sourceTree = "<group>"; };
		B187FD1E158C781B00ACF6A9 /* ZMAppDelegate.h */ = {isa = PBXFileReference; lastKnownFileType = sourcecode.c.h; path = ZMAppDelegate.h; sourceTree = "<group>"; };
		B187FD1F158C781B00ACF6A9 /* ZMAppDelegate.m */ = {isa = PBXFileReference; lastKnownFileType = sourcecode.c.objc; path = ZMAppDelegate.m; sourceTree = "<group>"; };
		B187FD22158C781B00ACF6A9 /* en */ = {isa = PBXFileReference; lastKnownFileType = file.storyboard; name = en; path = en.lproj/MainStoryboard_iPhone.storyboard; sourceTree = "<group>"; };
		B187FD25158C781B00ACF6A9 /* en */ = {isa = PBXFileReference; lastKnownFileType = file.storyboard; name = en; path = en.lproj/MainStoryboard_iPad.storyboard; sourceTree = "<group>"; };
		B187FD27158C781B00ACF6A9 /* Shader.fsh */ = {isa = PBXFileReference; lastKnownFileType = sourcecode.glsl; name = Shader.fsh; path = Shaders/Shader.fsh; sourceTree = "<group>"; };
		B187FD29158C781B00ACF6A9 /* Shader.vsh */ = {isa = PBXFileReference; lastKnownFileType = sourcecode.glsl; name = Shader.vsh; path = Shaders/Shader.vsh; sourceTree = "<group>"; };
		B187FD2B158C781B00ACF6A9 /* ZMViewController.h */ = {isa = PBXFileReference; lastKnownFileType = sourcecode.c.h; path = ZMViewController.h; sourceTree = "<group>"; };
		B187FD2C158C781B00ACF6A9 /* ZMViewController.m */ = {isa = PBXFileReference; lastKnownFileType = sourcecode.c.objc; path = ZMViewController.m; sourceTree = "<group>"; };
		B187FD33158C78F400ACF6A9 /* ZMScene.h */ = {isa = PBXFileReference; fileEncoding = 4; lastKnownFileType = sourcecode.c.h; path = ZMScene.h; sourceTree = "<group>"; };
		B187FD34158C78F400ACF6A9 /* ZMScene.m */ = {isa = PBXFileReference; fileEncoding = 4; lastKnownFileType = sourcecode.c.objc; path = ZMScene.m; sourceTree = "<group>"; };
/* End PBXFileReference section */

/* Begin PBXFrameworksBuildPhase section */
		B187FD04158C781B00ACF6A9 /* Frameworks */ = {
			isa = PBXFrameworksBuildPhase;
			buildActionMask = 2147483647;
			files = (
				B187FD0C158C781B00ACF6A9 /* UIKit.framework in Frameworks */,
				B187FD0E158C781B00ACF6A9 /* Foundation.framework in Frameworks */,
				B187FD10158C781B00ACF6A9 /* CoreGraphics.framework in Frameworks */,
				B187FD12158C781B00ACF6A9 /* GLKit.framework in Frameworks */,
				B187FD14158C781B00ACF6A9 /* OpenGLES.framework in Frameworks */,
			);
			runOnlyForDeploymentPostprocessing = 0;
		};
/* End PBXFrameworksBuildPhase section */

/* Begin PBXGroup section */
		B1858AE0158CA2E30047B61F /* Textures */ = {
			isa = PBXGroup;
			children = (
				B1858AEF158D1AF10047B61F /* wall.png */,
				B1858ADC158CA2D70047B61F /* ZMan1.png */,
				B1858ADD158CA2D70047B61F /* ZMan2.png */,
			);
			name = Textures;
			sourceTree = "<group>";
		};
		B187FCFC158C781B00ACF6A9 = {
			isa = PBXGroup;
			children = (
				B1858AE0158CA2E30047B61F /* Textures */,
				B187FD15158C781B00ACF6A9 /* ZeptoMan */,
				B187FD0A158C781B00ACF6A9 /* Frameworks */,
				B187FD08158C781B00ACF6A9 /* Products */,
			);
			sourceTree = "<group>";
		};
		B187FD08158C781B00ACF6A9 /* Products */ = {
			isa = PBXGroup;
			children = (
				B187FD07158C781B00ACF6A9 /* ZeptoMan.app */,
			);
			name = Products;
			sourceTree = "<group>";
		};
		B187FD0A158C781B00ACF6A9 /* Frameworks */ = {
			isa = PBXGroup;
			children = (
				B187FD0B158C781B00ACF6A9 /* UIKit.framework */,
				B187FD0D158C781B00ACF6A9 /* Foundation.framework */,
				B187FD0F158C781B00ACF6A9 /* CoreGraphics.framework */,
				B187FD11158C781B00ACF6A9 /* GLKit.framework */,
				B187FD13158C781B00ACF6A9 /* OpenGLES.framework */,
			);
			name = Frameworks;
			sourceTree = "<group>";
		};
		B187FD15158C781B00ACF6A9 /* ZeptoMan */ = {
			isa = PBXGroup;
			children = (
				B187FD1E158C781B00ACF6A9 /* ZMAppDelegate.h */,
				B187FD1F158C781B00ACF6A9 /* ZMAppDelegate.m */,
				B187FD21158C781B00ACF6A9 /* MainStoryboard_iPhone.storyboard */,
				B187FD24158C781B00ACF6A9 /* MainStoryboard_iPad.storyboard */,
				B187FD27158C781B00ACF6A9 /* Shader.fsh */,
				B187FD29158C781B00ACF6A9 /* Shader.vsh */,
				B187FD2B158C781B00ACF6A9 /* ZMViewController.h */,
				B187FD2C158C781B00ACF6A9 /* ZMViewController.m */,
				B1858AE1158CB7A00047B61F /* ZMSpriteAnimation.h */,
				B1858AE2158CB7A00047B61F /* ZMSpriteAnimation.m */,
				B1858AD8158C8EB00047B61F /* ZMSprite.h */,
				B1858AD9158C8EB00047B61F /* ZMSprite.m */,
				B187FD33158C78F400ACF6A9 /* ZMScene.h */,
				B187FD34158C78F400ACF6A9 /* ZMScene.m */,
				B1858AEC158D130D0047B61F /* ZMLevel.h */,
				B1858AED158D130D0047B61F /* ZMLevel.m */,
				B187FD16158C781B00ACF6A9 /* Supporting Files */,
			);
			path = ZeptoMan;
			sourceTree = "<group>";
		};
		B187FD16158C781B00ACF6A9 /* Supporting Files */ = {
			isa = PBXGroup;
			children = (
				B187FD17158C781B00ACF6A9 /* ZeptoMan-Info.plist */,
				B187FD18158C781B00ACF6A9 /* InfoPlist.strings */,
				B187FD1B158C781B00ACF6A9 /* main.m */,
				B187FD1D158C781B00ACF6A9 /* ZeptoMan-Prefix.pch */,
			);
			name = "Supporting Files";
			sourceTree = "<group>";
		};
/* End PBXGroup section */

/* Begin PBXNativeTarget section */
		B187FD06158C781B00ACF6A9 /* ZeptoMan */ = {
			isa = PBXNativeTarget;
			buildConfigurationList = B187FD30158C781B00ACF6A9 /* Build configuration list for PBXNativeTarget "ZeptoMan" */;
			buildPhases = (
				B187FD03158C781B00ACF6A9 /* Sources */,
				B187FD04158C781B00ACF6A9 /* Frameworks */,
				B187FD05158C781B00ACF6A9 /* Resources */,
			);
			buildRules = (
			);
			dependencies = (
			);
			name = ZeptoMan;
			productName = ZeptoMan;
			productReference = B187FD07158C781B00ACF6A9 /* ZeptoMan.app */;
			productType = "com.apple.product-type.application";
		};
/* End PBXNativeTarget section */

/* Begin PBXProject section */
		B187FCFE158C781B00ACF6A9 /* Project object */ = {
			isa = PBXProject;
			attributes = {
				CLASSPREFIX = ZM;
				LastUpgradeCheck = 0430;
			};
			buildConfigurationList = B187FD01158C781B00ACF6A9 /* Build configuration list for PBXProject "ZeptoMan" */;
			compatibilityVersion = "Xcode 3.2";
			developmentRegion = English;
			hasScannedForEncodings = 0;
			knownRegions = (
				en,
			);
			mainGroup = B187FCFC158C781B00ACF6A9;
			productRefGroup = B187FD08158C781B00ACF6A9 /* Products */;
			projectDirPath = "";
			projectRoot = "";
			targets = (
				B187FD06158C781B00ACF6A9 /* ZeptoMan */,
			);
		};
/* End PBXProject section */

/* Begin PBXResourcesBuildPhase section */
		B187FD05158C781B00ACF6A9 /* Resources */ = {
			isa = PBXResourcesBuildPhase;
			buildActionMask = 2147483647;
			files = (
				B187FD1A158C781B00ACF6A9 /* InfoPlist.strings in Resources */,
				B187FD23158C781B00ACF6A9 /* MainStoryboard_iPhone.storyboard in Resources */,
				B187FD26158C781B00ACF6A9 /* MainStoryboard_iPad.storyboard in Resources */,
				B187FD28158C781B00ACF6A9 /* Shader.fsh in Resources */,
				B187FD2A158C781B00ACF6A9 /* Shader.vsh in Resources */,
				B1858ADE158CA2D70047B61F /* ZMan1.png in Resources */,
				B1858ADF158CA2D70047B61F /* ZMan2.png in Resources */,
				B1858AF0158D1AF10047B61F /* wall.png in Resources */,
			);
			runOnlyForDeploymentPostprocessing = 0;
		};
/* End PBXResourcesBuildPhase section */

/* Begin PBXSourcesBuildPhase section */
		B187FD03158C781B00ACF6A9 /* Sources */ = {
			isa = PBXSourcesBuildPhase;
			buildActionMask = 2147483647;
			files = (
				B187FD1C158C781B00ACF6A9 /* main.m in Sources */,
				B187FD20158C781B00ACF6A9 /* ZMAppDelegate.m in Sources */,
				B187FD2D158C781B00ACF6A9 /* ZMViewController.m in Sources */,
				B187FD35158C78F400ACF6A9 /* ZMScene.m in Sources */,
				B1858ADA158C8EB00047B61F /* ZMSprite.m in Sources */,
				B1858AE3158CB7A00047B61F /* ZMSpriteAnimation.m in Sources */,
				B1858AEE158D130E0047B61F /* ZMLevel.m in Sources */,
			);
			runOnlyForDeploymentPostprocessing = 0;
		};
/* End PBXSourcesBuildPhase section */

/* Begin PBXVariantGroup section */
		B187FD18158C781B00ACF6A9 /* InfoPlist.strings */ = {
			isa = PBXVariantGroup;
			children = (
				B187FD19158C781B00ACF6A9 /* en */,
			);
			name = InfoPlist.strings;
			sourceTree = "<group>";
		};
		B187FD21158C781B00ACF6A9 /* MainStoryboard_iPhone.storyboard */ = {
			isa = PBXVariantGroup;
			children = (
				B187FD22158C781B00ACF6A9 /* en */,
			);
			name = MainStoryboard_iPhone.storyboard;
			sourceTree = "<group>";
		};
		B187FD24158C781B00ACF6A9 /* MainStoryboard_iPad.storyboard */ = {
			isa = PBXVariantGroup;
			children = (
				B187FD25158C781B00ACF6A9 /* en */,
			);
			name = MainStoryboard_iPad.storyboard;
			sourceTree = "<group>";
		};
/* End PBXVariantGroup section */

/* Begin XCBuildConfiguration section */
		B187FD2E158C781B00ACF6A9 /* Debug */ = {
			isa = XCBuildConfiguration;
			buildSettings = {
				ALWAYS_SEARCH_USER_PATHS = NO;
				ARCHS = "$(ARCHS_STANDARD_32_BIT)";
				CLANG_ENABLE_OBJC_ARC = YES;
				"CODE_SIGN_IDENTITY[sdk=iphoneos*]" = "iPhone Developer";
				COPY_PHASE_STRIP = NO;
				GCC_C_LANGUAGE_STANDARD = gnu99;
				GCC_DYNAMIC_NO_PIC = NO;
				GCC_OPTIMIZATION_LEVEL = 0;
				GCC_PREPROCESSOR_DEFINITIONS = (
					"DEBUG=1",
					"$(inherited)",
				);
				GCC_SYMBOLS_PRIVATE_EXTERN = NO;
				GCC_VERSION = com.apple.compilers.llvm.clang.1_0;
				GCC_WARN_ABOUT_RETURN_TYPE = YES;
				GCC_WARN_UNINITIALIZED_AUTOS = YES;
				GCC_WARN_UNUSED_VARIABLE = YES;
				IPHONEOS_DEPLOYMENT_TARGET = 5.1;
				SDKROOT = iphoneos;
				TARGETED_DEVICE_FAMILY = "1,2";
			};
			name = Debug;
		};
		B187FD2F158C781B00ACF6A9 /* Release */ = {
			isa = XCBuildConfiguration;
			buildSettings = {
				ALWAYS_SEARCH_USER_PATHS = NO;
				ARCHS = "$(ARCHS_STANDARD_32_BIT)";
				CLANG_ENABLE_OBJC_ARC = YES;
				"CODE_SIGN_IDENTITY[sdk=iphoneos*]" = "iPhone Developer";
				COPY_PHASE_STRIP = YES;
				GCC_C_LANGUAGE_STANDARD = gnu99;
				GCC_VERSION = com.apple.compilers.llvm.clang.1_0;
				GCC_WARN_ABOUT_RETURN_TYPE = YES;
				GCC_WARN_UNINITIALIZED_AUTOS = YES;
				GCC_WARN_UNUSED_VARIABLE = YES;
				IPHONEOS_DEPLOYMENT_TARGET = 5.1;
				OTHER_CFLAGS = "-DNS_BLOCK_ASSERTIONS=1";
				SDKROOT = iphoneos;
				TARGETED_DEVICE_FAMILY = "1,2";
				VALIDATE_PRODUCT = YES;
			};
			name = Release;
		};
		B187FD31158C781B00ACF6A9 /* Debug */ = {
			isa = XCBuildConfiguration;
			buildSettings = {
				GCC_PRECOMPILE_PREFIX_HEADER = YES;
				GCC_PREFIX_HEADER = "ZeptoMan/ZeptoMan-Prefix.pch";
				"GCC_THUMB_SUPPORT[arch=armv6]" = "";
				INFOPLIST_FILE = "ZeptoMan/ZeptoMan-Info.plist";
				PRODUCT_NAME = "$(TARGET_NAME)";
				WRAPPER_EXTENSION = app;
			};
			name = Debug;
		};
		B187FD32158C781B00ACF6A9 /* Release */ = {
			isa = XCBuildConfiguration;
			buildSettings = {
				GCC_PRECOMPILE_PREFIX_HEADER = YES;
				GCC_PREFIX_HEADER = "ZeptoMan/ZeptoMan-Prefix.pch";
				"GCC_THUMB_SUPPORT[arch=armv6]" = "";
				INFOPLIST_FILE = "ZeptoMan/ZeptoMan-Info.plist";
				PRODUCT_NAME = "$(TARGET_NAME)";
				WRAPPER_EXTENSION = app;
			};
			name = Release;
		};
/* End XCBuildConfiguration section */

/* Begin XCConfigurationList section */
		B187FD01158C781B00ACF6A9 /* Build configuration list for PBXProject "ZeptoMan" */ = {
			isa = XCConfigurationList;
			buildConfigurations = (
				B187FD2E158C781B00ACF6A9 /* Debug */,
				B187FD2F158C781B00ACF6A9 /* Release */,
			);
			defaultConfigurationIsVisible = 0;
			defaultConfigurationName = Release;
		};
		B187FD30158C781B00ACF6A9 /* Build configuration list for PBXNativeTarget "ZeptoMan" */ = {
			isa = XCConfigurationList;
			buildConfigurations = (
				B187FD31158C781B00ACF6A9 /* Debug */,
				B187FD32158C781B00ACF6A9 /* Release */,
			);
			defaultConfigurationIsVisible = 0;
			defaultConfigurationName = Release;
		};
/* End XCConfigurationList section */
	};
	rootObject = B187FCFE158C781B00ACF6A9 /* Project object */;
}
